
Microsoft Visual Studio Solution File, Format Version 12.00
# Visual Studio 14
VisualStudioVersion = 14.0.24720.0
MinimumVisualStudioVersion = 10.0.40219.1
Project("{FAE04EC0-301F-11D3-BF4B-00C04F79EFBC}") = "GygaxVisu", "Gygax\GygaxVisu.csproj", "{15F9221C-ABDA-4A84-9150-007CB07265BA}"
EndProject
Project("{FAE04EC0-301F-11D3-BF4B-00C04F79EFBC}") = "GygaxCore", "GygaxCore\GygaxCore.csproj", "{FDE7EE57-0863-4377-93F7-7B79B3FDB78A}"
EndProject
Project("{8BC9CEB8-8B4A-11D0-8D11-00A0C91BC942}") = "PclWrapper", "PclWrapper\PclWrapper.vcxproj", "{EF47FDB6-A675-3DA5-A06A-B0DB33794C17}"
EndProject
Global
	GlobalSection(SolutionConfigurationPlatforms) = preSolution
		Debug|Any CPU = Debug|Any CPU
		Debug|x64 = Debug|x64
		Debug|x86 = Debug|x86
		MinSizeRel|Any CPU = MinSizeRel|Any CPU
		MinSizeRel|x64 = MinSizeRel|x64
		MinSizeRel|x86 = MinSizeRel|x86
		Release|Any CPU = Release|Any CPU
		Release|x64 = Release|x64
		Release|x86 = Release|x86
		RelWithDebInfo|Any CPU = RelWithDebInfo|Any CPU
		RelWithDebInfo|x64 = RelWithDebInfo|x64
		RelWithDebInfo|x86 = RelWithDebInfo|x86
	EndGlobalSection
	GlobalSection(ProjectConfigurationPlatforms) = postSolution
		{15F9221C-ABDA-4A84-9150-007CB07265BA}.Debug|Any CPU.ActiveCfg = Debug|Any CPU
		{15F9221C-ABDA-4A84-9150-007CB07265BA}.Debug|Any CPU.Build.0 = Debug|Any CPU
		{15F9221C-ABDA-4A84-9150-007CB07265BA}.Debug|x64.ActiveCfg = Debug|Any CPU
		{15F9221C-ABDA-4A84-9150-007CB07265BA}.Debug|x64.Build.0 = Debug|Any CPU
		{15F9221C-ABDA-4A84-9150-007CB07265BA}.Debug|x86.ActiveCfg = Debug|Any CPU
		{15F9221C-ABDA-4A84-9150-007CB07265BA}.Debug|x86.Build.0 = Debug|Any CPU
		{15F9221C-ABDA-4A84-9150-007CB07265BA}.MinSizeRel|Any CPU.ActiveCfg = Release|Any CPU
		{15F9221C-ABDA-4A84-9150-007CB07265BA}.MinSizeRel|Any CPU.Build.0 = Release|Any CPU
		{15F9221C-ABDA-4A84-9150-007CB07265BA}.MinSizeRel|x64.ActiveCfg = Release|Any CPU
		{15F9221C-ABDA-4A84-9150-007CB07265BA}.MinSizeRel|x64.Build.0 = Release|Any CPU
		{15F9221C-ABDA-4A84-9150-007CB07265BA}.MinSizeRel|x86.ActiveCfg = Release|Any CPU
		{15F9221C-ABDA-4A84-9150-007CB07265BA}.MinSizeRel|x86.Build.0 = Release|Any CPU
		{15F9221C-ABDA-4A84-9150-007CB07265BA}.Release|Any CPU.ActiveCfg = Release|Any CPU
		{15F9221C-ABDA-4A84-9150-007CB07265BA}.Release|Any CPU.Build.0 = Release|Any CPU
		{15F9221C-ABDA-4A84-9150-007CB07265BA}.Release|x64.ActiveCfg = Release|Any CPU
		{15F9221C-ABDA-4A84-9150-007CB07265BA}.Release|x64.Build.0 = Release|Any CPU
		{15F9221C-ABDA-4A84-9150-007CB07265BA}.Release|x86.ActiveCfg = Release|Any CPU
		{15F9221C-ABDA-4A84-9150-007CB07265BA}.Release|x86.Build.0 = Release|Any CPU
		{15F9221C-ABDA-4A84-9150-007CB07265BA}.RelWithDebInfo|Any CPU.ActiveCfg = Release|Any CPU
		{15F9221C-ABDA-4A84-9150-007CB07265BA}.RelWithDebInfo|Any CPU.Build.0 = Release|Any CPU
		{15F9221C-ABDA-4A84-9150-007CB07265BA}.RelWithDebInfo|x64.ActiveCfg = Release|Any CPU
		{15F9221C-ABDA-4A84-9150-007CB07265BA}.RelWithDebInfo|x64.Build.0 = Release|Any CPU
		{15F9221C-ABDA-4A84-9150-007CB07265BA}.RelWithDebInfo|x86.ActiveCfg = Release|Any CPU
		{15F9221C-ABDA-4A84-9150-007CB07265BA}.RelWithDebInfo|x86.Build.0 = Release|Any CPU
		{FDE7EE57-0863-4377-93F7-7B79B3FDB78A}.Debug|Any CPU.ActiveCfg = Debug|Any CPU
		{FDE7EE57-0863-4377-93F7-7B79B3FDB78A}.Debug|Any CPU.Build.0 = Debug|Any CPU
		{FDE7EE57-0863-4377-93F7-7B79B3FDB78A}.Debug|x64.ActiveCfg = Debug|Any CPU
		{FDE7EE57-0863-4377-93F7-7B79B3FDB78A}.Debug|x64.Build.0 = Debug|Any CPU
		{FDE7EE57-0863-4377-93F7-7B79B3FDB78A}.Debug|x86.ActiveCfg = Debug|Any CPU
		{FDE7EE57-0863-4377-93F7-7B79B3FDB78A}.Debug|x86.Build.0 = Debug|Any CPU
		{FDE7EE57-0863-4377-93F7-7B79B3FDB78A}.MinSizeRel|Any CPU.ActiveCfg = Release|Any CPU
		{FDE7EE57-0863-4377-93F7-7B79B3FDB78A}.MinSizeRel|Any CPU.Build.0 = Release|Any CPU
		{FDE7EE57-0863-4377-93F7-7B79B3FDB78A}.MinSizeRel|x64.ActiveCfg = Release|Any CPU
		{FDE7EE57-0863-4377-93F7-7B79B3FDB78A}.MinSizeRel|x64.Build.0 = Release|Any CPU
		{FDE7EE57-0863-4377-93F7-7B79B3FDB78A}.MinSizeRel|x86.ActiveCfg = Release|Any CPU
		{FDE7EE57-0863-4377-93F7-7B79B3FDB78A}.MinSizeRel|x86.Build.0 = Release|Any CPU
		{FDE7EE57-0863-4377-93F7-7B79B3FDB78A}.Release|Any CPU.ActiveCfg = Release|Any CPU
		{FDE7EE57-0863-4377-93F7-7B79B3FDB78A}.Release|Any CPU.Build.0 = Release|Any CPU
		{FDE7EE57-0863-4377-93F7-7B79B3FDB78A}.Release|x64.ActiveCfg = Release|Any CPU
		{FDE7EE57-0863-4377-93F7-7B79B3FDB78A}.Release|x64.Build.0 = Release|Any CPU
		{FDE7EE57-0863-4377-93F7-7B79B3FDB78A}.Release|x86.ActiveCfg = Release|Any CPU
		{FDE7EE57-0863-4377-93F7-7B79B3FDB78A}.Release|x86.Build.0 = Release|Any CPU
		{FDE7EE57-0863-4377-93F7-7B79B3FDB78A}.RelWithDebInfo|Any CPU.ActiveCfg = Release|Any CPU
		{FDE7EE57-0863-4377-93F7-7B79B3FDB78A}.RelWithDebInfo|Any CPU.Build.0 = Release|Any CPU
		{FDE7EE57-0863-4377-93F7-7B79B3FDB78A}.RelWithDebInfo|x64.ActiveCfg = Release|Any CPU
		{FDE7EE57-0863-4377-93F7-7B79B3FDB78A}.RelWithDebInfo|x64.Build.0 = Release|Any CPU
		{FDE7EE57-0863-4377-93F7-7B79B3FDB78A}.RelWithDebInfo|x86.ActiveCfg = Release|Any CPU
		{FDE7EE57-0863-4377-93F7-7B79B3FDB78A}.RelWithDebInfo|x86.Build.0 = Release|Any CPU
		{EF47FDB6-A675-3DA5-A06A-B0DB33794C17}.Debug|Any CPU.ActiveCfg = Debug|x64
		{EF47FDB6-A675-3DA5-A06A-B0DB33794C17}.Debug|x64.ActiveCfg = Debug|x64
		{EF47FDB6-A675-3DA5-A06A-B0DB33794C17}.Debug|x64.Build.0 = Debug|x64
		{EF47FDB6-A675-3DA5-A06A-B0DB33794C17}.Debug|x86.ActiveCfg = Debug|x64
		{EF47FDB6-A675-3DA5-A06A-B0DB33794C17}.MinSizeRel|Any CPU.ActiveCfg = MinSizeRel|x64
		{EF47FDB6-A675-3DA5-A06A-B0DB33794C17}.MinSizeRel|x64.ActiveCfg = MinSizeRel|x64
		{EF47FDB6-A675-3DA5-A06A-B0DB33794C17}.MinSizeRel|x64.Build.0 = MinSizeRel|x64
		{EF47FDB6-A675-3DA5-A06A-B0DB33794C17}.MinSizeRel|x86.ActiveCfg = MinSizeRel|x64
		{EF47FDB6-A675-3DA5-A06A-B0DB33794C17}.Release|Any CPU.ActiveCfg = Release|x64
		{EF47FDB6-A675-3DA5-A06A-B0DB33794C17}.Release|x64.ActiveCfg = Release|x64
		{EF47FDB6-A675-3DA5-A06A-B0DB33794C17}.Release|x64.Build.0 = Release|x64
		{EF47FDB6-A675-3DA5-A06A-B0DB33794C17}.Release|x86.ActiveCfg = Release|x64
		{EF47FDB6-A675-3DA5-A06A-B0DB33794C17}.RelWithDebInfo|Any CPU.ActiveCfg = RelWithDebInfo|x64
		{EF47FDB6-A675-3DA5-A06A-B0DB33794C17}.RelWithDebInfo|x64.ActiveCfg = RelWithDebInfo|x64
		{EF47FDB6-A675-3DA5-A06A-B0DB33794C17}.RelWithDebInfo|x64.Build.0 = RelWithDebInfo|x64
		{EF47FDB6-A675-3DA5-A06A-B0DB33794C17}.RelWithDebInfo|x86.ActiveCfg = RelWithDebInfo|x64
	EndGlobalSection
	GlobalSection(SolutionProperties) = preSolution
		HideSolutionNode = FALSE
	EndGlobalSection
EndGlobal
