Microsoft Visual Studio Solution File, Format Version 12.00
# Visual Studio 14
Project("{8BC9CEB8-8B4A-11D0-8D11-00A0C91BC942}") = "ALL_BUILD", "ALL_BUILD.vcxproj", "{39B5378B-5E94-3A73-8B99-F016249EE09E}"
	ProjectSection(ProjectDependencies) = postProject
		{3AF9AA9C-1F55-302F-B316-72718B591117} = {3AF9AA9C-1F55-302F-B316-72718B591117}
		{FFF233BE-ECE0-304C-AE30-F2F4BC8ACB7C} = {FFF233BE-ECE0-304C-AE30-F2F4BC8ACB7C}
	EndProjectSection
EndProject
Project("{8BC9CEB8-8B4A-11D0-8D11-00A0C91BC942}") = "PclWrapper", "PclWrapper.vcxproj", "{3AF9AA9C-1F55-302F-B316-72718B591117}"
	ProjectSection(ProjectDependencies) = postProject
		{FFF233BE-ECE0-304C-AE30-F2F4BC8ACB7C} = {FFF233BE-ECE0-304C-AE30-F2F4BC8ACB7C}
	EndProjectSection
EndProject
Project("{8BC9CEB8-8B4A-11D0-8D11-00A0C91BC942}") = "ZERO_CHECK", "ZERO_CHECK.vcxproj", "{FFF233BE-ECE0-304C-AE30-F2F4BC8ACB7C}"
	ProjectSection(ProjectDependencies) = postProject
	EndProjectSection
EndProject
Global
	GlobalSection(SolutionConfigurationPlatforms) = preSolution
		Debug|x64 = Debug|x64
		Release|x64 = Release|x64
		MinSizeRel|x64 = MinSizeRel|x64
		RelWithDebInfo|x64 = RelWithDebInfo|x64
	EndGlobalSection
	GlobalSection(ProjectConfigurationPlatforms) = postSolution
		{39B5378B-5E94-3A73-8B99-F016249EE09E}.Debug|x64.ActiveCfg = Debug|x64
		{39B5378B-5E94-3A73-8B99-F016249EE09E}.Release|x64.ActiveCfg = Release|x64
		{39B5378B-5E94-3A73-8B99-F016249EE09E}.MinSizeRel|x64.ActiveCfg = MinSizeRel|x64
		{39B5378B-5E94-3A73-8B99-F016249EE09E}.RelWithDebInfo|x64.ActiveCfg = RelWithDebInfo|x64
		{3AF9AA9C-1F55-302F-B316-72718B591117}.Debug|x64.ActiveCfg = Debug|x64
		{3AF9AA9C-1F55-302F-B316-72718B591117}.Debug|x64.Build.0 = Debug|x64
		{3AF9AA9C-1F55-302F-B316-72718B591117}.Release|x64.ActiveCfg = Release|x64
		{3AF9AA9C-1F55-302F-B316-72718B591117}.Release|x64.Build.0 = Release|x64
		{3AF9AA9C-1F55-302F-B316-72718B591117}.MinSizeRel|x64.ActiveCfg = MinSizeRel|x64
		{3AF9AA9C-1F55-302F-B316-72718B591117}.MinSizeRel|x64.Build.0 = MinSizeRel|x64
		{3AF9AA9C-1F55-302F-B316-72718B591117}.RelWithDebInfo|x64.ActiveCfg = RelWithDebInfo|x64
		{3AF9AA9C-1F55-302F-B316-72718B591117}.RelWithDebInfo|x64.Build.0 = RelWithDebInfo|x64
		{FFF233BE-ECE0-304C-AE30-F2F4BC8ACB7C}.Debug|x64.ActiveCfg = Debug|x64
		{FFF233BE-ECE0-304C-AE30-F2F4BC8ACB7C}.Debug|x64.Build.0 = Debug|x64
		{FFF233BE-ECE0-304C-AE30-F2F4BC8ACB7C}.Release|x64.ActiveCfg = Release|x64
		{FFF233BE-ECE0-304C-AE30-F2F4BC8ACB7C}.Release|x64.Build.0 = Release|x64
		{FFF233BE-ECE0-304C-AE30-F2F4BC8ACB7C}.MinSizeRel|x64.ActiveCfg = MinSizeRel|x64
		{FFF233BE-ECE0-304C-AE30-F2F4BC8ACB7C}.MinSizeRel|x64.Build.0 = MinSizeRel|x64
		{FFF233BE-ECE0-304C-AE30-F2F4BC8ACB7C}.RelWithDebInfo|x64.ActiveCfg = RelWithDebInfo|x64
		{FFF233BE-ECE0-304C-AE30-F2F4BC8ACB7C}.RelWithDebInfo|x64.Build.0 = RelWithDebInfo|x64
	EndGlobalSection
	GlobalSection(ExtensibilityGlobals) = postSolution
	EndGlobalSection
	GlobalSection(ExtensibilityAddIns) = postSolution
	EndGlobalSection
EndGlobal
