Microsoft Visual Studio Solution File, Format Version 12.00
# Visual Studio 14
Project("{8BC9CEB8-8B4A-11D0-8D11-00A0C91BC942}") = "ALL_BUILD", "ALL_BUILD.vcxproj", "{E9D75D3F-37E6-34BB-B610-D36687FA579C}"
	ProjectSection(ProjectDependencies) = postProject
		{CA9641C2-23D6-3A82-ABBE-278CA4E21288} = {CA9641C2-23D6-3A82-ABBE-278CA4E21288}
		{EE993EC2-76AC-37C1-B8EF-C2FB8F4DD973} = {EE993EC2-76AC-37C1-B8EF-C2FB8F4DD973}
	EndProjectSection
EndProject
Project("{8BC9CEB8-8B4A-11D0-8D11-00A0C91BC942}") = "PclWrapper", "PclWrapper.vcxproj", "{CA9641C2-23D6-3A82-ABBE-278CA4E21288}"
	ProjectSection(ProjectDependencies) = postProject
		{EE993EC2-76AC-37C1-B8EF-C2FB8F4DD973} = {EE993EC2-76AC-37C1-B8EF-C2FB8F4DD973}
	EndProjectSection
EndProject
Project("{8BC9CEB8-8B4A-11D0-8D11-00A0C91BC942}") = "ZERO_CHECK", "ZERO_CHECK.vcxproj", "{EE993EC2-76AC-37C1-B8EF-C2FB8F4DD973}"
	ProjectSection(ProjectDependencies) = postProject
	EndProjectSection
EndProject
Global
	GlobalSection(SolutionConfigurationPlatforms) = preSolution
		Debug|x64 = Debug|x64
		Release|x64 = Release|x64
		MinSizeRel|x64 = MinSizeRel|x64
		RelWithDebInfo|x64 = RelWithDebInfo|x64
	EndGlobalSection
	GlobalSection(ProjectConfigurationPlatforms) = postSolution
		{E9D75D3F-37E6-34BB-B610-D36687FA579C}.Debug|x64.ActiveCfg = Debug|x64
		{E9D75D3F-37E6-34BB-B610-D36687FA579C}.Release|x64.ActiveCfg = Release|x64
		{E9D75D3F-37E6-34BB-B610-D36687FA579C}.MinSizeRel|x64.ActiveCfg = MinSizeRel|x64
		{E9D75D3F-37E6-34BB-B610-D36687FA579C}.RelWithDebInfo|x64.ActiveCfg = RelWithDebInfo|x64
		{CA9641C2-23D6-3A82-ABBE-278CA4E21288}.Debug|x64.ActiveCfg = Debug|x64
		{CA9641C2-23D6-3A82-ABBE-278CA4E21288}.Debug|x64.Build.0 = Debug|x64
		{CA9641C2-23D6-3A82-ABBE-278CA4E21288}.Release|x64.ActiveCfg = Release|x64
		{CA9641C2-23D6-3A82-ABBE-278CA4E21288}.Release|x64.Build.0 = Release|x64
		{CA9641C2-23D6-3A82-ABBE-278CA4E21288}.MinSizeRel|x64.ActiveCfg = MinSizeRel|x64
		{CA9641C2-23D6-3A82-ABBE-278CA4E21288}.MinSizeRel|x64.Build.0 = MinSizeRel|x64
		{CA9641C2-23D6-3A82-ABBE-278CA4E21288}.RelWithDebInfo|x64.ActiveCfg = RelWithDebInfo|x64
		{CA9641C2-23D6-3A82-ABBE-278CA4E21288}.RelWithDebInfo|x64.Build.0 = RelWithDebInfo|x64
		{EE993EC2-76AC-37C1-B8EF-C2FB8F4DD973}.Debug|x64.ActiveCfg = Debug|x64
		{EE993EC2-76AC-37C1-B8EF-C2FB8F4DD973}.Debug|x64.Build.0 = Debug|x64
		{EE993EC2-76AC-37C1-B8EF-C2FB8F4DD973}.Release|x64.ActiveCfg = Release|x64
		{EE993EC2-76AC-37C1-B8EF-C2FB8F4DD973}.Release|x64.Build.0 = Release|x64
		{EE993EC2-76AC-37C1-B8EF-C2FB8F4DD973}.MinSizeRel|x64.ActiveCfg = MinSizeRel|x64
		{EE993EC2-76AC-37C1-B8EF-C2FB8F4DD973}.MinSizeRel|x64.Build.0 = MinSizeRel|x64
		{EE993EC2-76AC-37C1-B8EF-C2FB8F4DD973}.RelWithDebInfo|x64.ActiveCfg = RelWithDebInfo|x64
		{EE993EC2-76AC-37C1-B8EF-C2FB8F4DD973}.RelWithDebInfo|x64.Build.0 = RelWithDebInfo|x64
	EndGlobalSection
	GlobalSection(ExtensibilityGlobals) = postSolution
	EndGlobalSection
	GlobalSection(ExtensibilityAddIns) = postSolution
	EndGlobalSection
EndGlobal
