<?xml version="1.0" encoding="UTF-8"?>
<Project ToolsVersion="14.0" xmlns="http://schemas.microsoft.com/developer/msbuild/2003">
  <ItemGroup>
    <ClCompile Include="C:\Users\Philipp\Documents\GitHub\Gygax\PclWrapper\PclWrapper\PclWrapper.cpp">
      <Filter>Source Files</Filter>
    </ClCompile>
  </ItemGroup>
  <ItemGroup>
    <ClInclude Include="C:\Users\Philipp\Documents\GitHub\Gygax\PclWrapper\PclWrapper\PclWrapper.h">
      <Filter>Header Files</Filter>
    </ClInclude>
  </ItemGroup>
  <ItemGroup>
    <CustomBuild Include="C:\Users\Philipp\Documents\GitHub\Gygax\PclWrapper\PclWrapper\cmakelists.txt" />
  </ItemGroup>
  <ItemGroup>
    <Filter Include="Source Files">
      <UniqueIdentifier>{0D7FB535-62DA-3753-8A53-A89E1505FD69}</UniqueIdentifier>
    </Filter>
    <Filter Include="Header Files">
      <UniqueIdentifier>{00D15712-A5DA-3334-A650-FAECA440EC33}</UniqueIdentifier>
    </Filter>
  </ItemGroup>
</Project>
